
Microsoft Visual Studio Solution File, Format Version 12.00
# Visual Studio Version 17
VisualStudioVersion = 17.14.36623.8 d17.14
MinimumVisualStudioVersion = 10.0.40219.1
Project("{FAE04EC0-301F-11D3-BF4B-00C04F79EFBC}") = "Erasmus_SSC", "Erasmus_SSC\Erasmus_SSC\Erasmus_SSC.csproj", "{BAF0E822-C56F-4A15-AFDA-DEB4ABE00E78}"
EndProject
Project("{FAE04EC0-301F-11D3-BF4B-00C04F79EFBC}") = "Erasmus_SSC.Client", "Erasmus_SSC\Erasmus_SSC.Client\Erasmus_SSC.Client.csproj", "{5A055C76-F83D-4BA9-986F-89DED51C0DF6}"
EndProject
Global
	GlobalSection(SolutionConfigurationPlatforms) = preSolution
		Debug|Any CPU = Debug|Any CPU
		Release|Any CPU = Release|Any CPU
	EndGlobalSection
	GlobalSection(ProjectConfigurationPlatforms) = postSolution
		{BAF0E822-C56F-4A15-AFDA-DEB4ABE00E78}.Debug|Any CPU.ActiveCfg = Debug|Any CPU
		{BAF0E822-C56F-4A15-AFDA-DEB4ABE00E78}.Debug|Any CPU.Build.0 = Debug|Any CPU
		{BAF0E822-C56F-4A15-AFDA-DEB4ABE00E78}.Release|Any CPU.ActiveCfg = Release|Any CPU
		{BAF0E822-C56F-4A15-AFDA-DEB4ABE00E78}.Release|Any CPU.Build.0 = Release|Any CPU
		{5A055C76-F83D-4BA9-986F-89DED51C0DF6}.Debug|Any CPU.ActiveCfg = Debug|Any CPU
		{5A055C76-F83D-4BA9-986F-89DED51C0DF6}.Debug|Any CPU.Build.0 = Debug|Any CPU
		{5A055C76-F83D-4BA9-986F-89DED51C0DF6}.Release|Any CPU.ActiveCfg = Release|Any CPU
		{5A055C76-F83D-4BA9-986F-89DED51C0DF6}.Release|Any CPU.Build.0 = Release|Any CPU
	EndGlobalSection
	GlobalSection(SolutionProperties) = preSolution
		HideSolutionNode = FALSE
	EndGlobalSection
	GlobalSection(ExtensibilityGlobals) = postSolution
		SolutionGuid = {0124F467-7BC1-472D-8DFB-6489B31D46A0}
	EndGlobalSection
EndGlobal
